Microsoft Visual Studio Solution File, Format Version 8.00
Project("{FAE04EC0-301F-11D3-BF4B-00C04F79EFBC}") = "SampleClient", "SampleClient.csproj", "{662A1BAB-EFA6-44EF-A681-016230407DA0}"
	ProjectSection(ProjectDependencies) = postProject
	EndProjectSection
EndProject
Global
	GlobalSection(SolutionConfiguration) = preSolution
		Debug = Debug
		Release = Release
	EndGlobalSection
	GlobalSection(ProjectConfiguration) = postSolution
		{662A1BAB-EFA6-44EF-A681-016230407DA0}.Debug.ActiveCfg = Debug|.NET
		{662A1BAB-EFA6-44EF-A681-016230407DA0}.Debug.Build.0 = Debug|.NET
		{662A1BAB-EFA6-44EF-A681-016230407DA0}.Release.ActiveCfg = Release|.NET
		{662A1BAB-EFA6-44EF-A681-016230407DA0}.Release.Build.0 = Release|.NET
	EndGlobalSection
	GlobalSection(ExtensibilityGlobals) = postSolution
	EndGlobalSection
	GlobalSection(ExtensibilityAddIns) = postSolution
	EndGlobalSection
EndGlobal
